{
  "name": "tslog-esm-example",
  "version": "1.0.0",
  "lockfileVersion": 2,
  "requires": true,
  "packages": {
    "": {
      "name": "tslog-esm-example",
      "version": "1.0.0",
      "dependencies": {
        "tslog": "^4.4.0-0"
      },
      "devDependencies": {
        "typescript": "^4.9.3"
      }
    },
    "node_modules/tslog": {
      "version": "4.4.0-0",
      "resolved": "https://registry.npmjs.org/tslog/-/tslog-4.4.0-0.tgz",
      "integrity": "sha512-QKUpf7W2hTdysVpT0w9EupRZkQsWv7p80FCFgq3NQl/XzbJzY/Zdc5lYnBF1ssgrJrPlz2T9Q5NTqZnOT0yUgg==",
      "engines": {
        "node": ">=16"
      },
      "funding": {
        "url": "https://github.com/fullstack-build/tslog?sponsor=1"
      }
    },
    "node_modules/typescript": {
      "version": "4.9.3",
      "resolved": "https://registry.npmjs.org/typescript/-/typescript-4.9.3.tgz",
      "integrity": "sha512-CIfGzTelbKNEnLpLdGFgdyKhG23CKdKgQPOBc+OUNrkJ2vr+KSzsSV5kq5iWhEQbok+quxgGzrAtGWCyU7tHnA==",
      "dev": true,
      "bin": {
        "tsc": "bin/tsc",
        "tsserver": "bin/tsserver"
      },
      "engines": {
        "node": ">=4.2.0"
      }
    }
  },
  "dependencies": {
    "tslog": {
      "version": "4.4.0-0",
      "resolved": "https://registry.npmjs.org/tslog/-/tslog-4.4.0-0.tgz",
      "integrity": "sha512-QKUpf7W2hTdysVpT0w9EupRZkQsWv7p80FCFgq3NQl/XzbJzY/Zdc5lYnBF1ssgrJrPlz2T9Q5NTqZnOT0yUgg=="
    },
    "typescript": {
      "version": "4.9.3",
      "resolved": "https://registry.npmjs.org/typescript/-/typescript-4.9.3.tgz",
      "integrity": "sha512-CIfGzTelbKNEnLpLdGFgdyKhG23CKdKgQPOBc+OUNrkJ2vr+KSzsSV5kq5iWhEQbok+quxgGzrAtGWCyU7tHnA==",
      "dev": true
    }
  }
}
